
Microsoft Visual Studio Solution File, Format Version 12.00
# Visual Studio 15
VisualStudioVersion = 15.0.27130.2010
MinimumVisualStudioVersion = 10.0.40219.1
Project("{9A19103F-16F7-4668-BE54-9A1E7A4F7556}") = "API", "API\API.csproj", "{1577B7E4-2E09-4219-B4D1-F08B406F9FD5}"
EndProject
Project("{FAE04EC0-301F-11D3-BF4B-00C04F79EFBC}") = "SPA", "SPA\SPA.csproj", "{B4643F71-FCD2-4ACB-9053-9B9E185D4C75}"
EndProject
Global
	GlobalSection(SolutionConfigurationPlatforms) = preSolution
		Debug|Any CPU = Debug|Any CPU
		Release|Any CPU = Release|Any CPU
	EndGlobalSection
	GlobalSection(ProjectConfigurationPlatforms) = postSolution
		{1577B7E4-2E09-4219-B4D1-F08B406F9FD5}.Debug|Any CPU.ActiveCfg = Debug|Any CPU
		{1577B7E4-2E09-4219-B4D1-F08B406F9FD5}.Debug|Any CPU.Build.0 = Debug|Any CPU
		{1577B7E4-2E09-4219-B4D1-F08B406F9FD5}.Release|Any CPU.ActiveCfg = Release|Any CPU
		{1577B7E4-2E09-4219-B4D1-F08B406F9FD5}.Release|Any CPU.Build.0 = Release|Any CPU
		{B4643F71-FCD2-4ACB-9053-9B9E185D4C75}.Debug|Any CPU.ActiveCfg = Debug|Any CPU
		{B4643F71-FCD2-4ACB-9053-9B9E185D4C75}.Debug|Any CPU.Build.0 = Debug|Any CPU
		{B4643F71-FCD2-4ACB-9053-9B9E185D4C75}.Release|Any CPU.ActiveCfg = Release|Any CPU
		{B4643F71-FCD2-4ACB-9053-9B9E185D4C75}.Release|Any CPU.Build.0 = Release|Any CPU
	EndGlobalSection
	GlobalSection(SolutionProperties) = preSolution
		HideSolutionNode = FALSE
	EndGlobalSection
	GlobalSection(ExtensibilityGlobals) = postSolution
		SolutionGuid = {C437C9CE-8761-4C11-B67B-8FF6AD934379}
	EndGlobalSection
EndGlobal
